
Microsoft Visual Studio Solution File, Format Version 12.00
# Visual Studio 14
VisualStudioVersion = 14.0.25420.1
MinimumVisualStudioVersion = 10.0.40219.1
Project("{FAE04EC0-301F-11D3-BF4B-00C04F79EFBC}") = "MyPizza_API", "MyPizza_API\MyPizza_API.csproj", "{B1800FB7-1284-4B90-A4DC-B28DDA7AB25F}"
EndProject
Project("{FAE04EC0-301F-11D3-BF4B-00C04F79EFBC}") = "MyPizza_GUI", "MyPizza_GUI\MyPizza_GUI.csproj", "{A0FE7880-2768-4E04-9838-81D948E16719}"
EndProject
Global
	GlobalSection(SolutionConfigurationPlatforms) = preSolution
		Debug|Any CPU = Debug|Any CPU
		Release|Any CPU = Release|Any CPU
	EndGlobalSection
	GlobalSection(ProjectConfigurationPlatforms) = postSolution
		{B1800FB7-1284-4B90-A4DC-B28DDA7AB25F}.Debug|Any CPU.ActiveCfg = Debug|Any CPU
		{B1800FB7-1284-4B90-A4DC-B28DDA7AB25F}.Debug|Any CPU.Build.0 = Debug|Any CPU
		{B1800FB7-1284-4B90-A4DC-B28DDA7AB25F}.Release|Any CPU.ActiveCfg = Release|Any CPU
		{B1800FB7-1284-4B90-A4DC-B28DDA7AB25F}.Release|Any CPU.Build.0 = Release|Any CPU
		{A0FE7880-2768-4E04-9838-81D948E16719}.Debug|Any CPU.ActiveCfg = Debug|Any CPU
		{A0FE7880-2768-4E04-9838-81D948E16719}.Debug|Any CPU.Build.0 = Debug|Any CPU
		{A0FE7880-2768-4E04-9838-81D948E16719}.Release|Any CPU.ActiveCfg = Release|Any CPU
		{A0FE7880-2768-4E04-9838-81D948E16719}.Release|Any CPU.Build.0 = Release|Any CPU
	EndGlobalSection
	GlobalSection(SolutionProperties) = preSolution
		HideSolutionNode = FALSE
	EndGlobalSection
EndGlobal
