
Microsoft Visual Studio Solution File, Format Version 12.00
# Visual Studio 14
VisualStudioVersion = 14.0.25420.1
MinimumVisualStudioVersion = 10.0.40219.1
Project("{FAE04EC0-301F-11D3-BF4B-00C04F79EFBC}") = "MyPizza_API", "MyPizza_API\MyPizza_API.csproj", "{B1800FB7-1284-4B90-A4DC-B28DDA7AB25F}"
EndProject
Project("{FAE04EC0-301F-11D3-BF4B-00C04F79EFBC}") = "MyPizza_GUI", "MyPizza_GUI\MyPizza_GUI.csproj", "{A0FE7880-2768-4E04-9838-81D948E16719}"
EndProject
Project("{FAE04EC0-301F-11D3-BF4B-00C04F79EFBC}") = "MyPizza_MOBILE", "MyPizza_MOBILE\MyPizza_MOBILE.csproj", "{BCAB4CB3-5309-4484-B0A1-EE4D97A09DF1}"
EndProject
Project("{FAE04EC0-301F-11D3-BF4B-00C04F79EFBC}") = "MyPizza_PCL", "MyPizza_PCL\MyPizza_PCL.csproj", "{124A9A02-DC9A-4211-8600-6769493BBB0E}"
EndProject
Global
	GlobalSection(SolutionConfigurationPlatforms) = preSolution
		Debug|Any CPU = Debug|Any CPU
		Debug|ARM = Debug|ARM
		Debug|x86 = Debug|x86
		Release|Any CPU = Release|Any CPU
		Release|ARM = Release|ARM
		Release|x86 = Release|x86
	EndGlobalSection
	GlobalSection(ProjectConfigurationPlatforms) = postSolution
		{B1800FB7-1284-4B90-A4DC-B28DDA7AB25F}.Debug|Any CPU.ActiveCfg = Debug|Any CPU
		{B1800FB7-1284-4B90-A4DC-B28DDA7AB25F}.Debug|Any CPU.Build.0 = Debug|Any CPU
		{B1800FB7-1284-4B90-A4DC-B28DDA7AB25F}.Debug|ARM.ActiveCfg = Debug|Any CPU
		{B1800FB7-1284-4B90-A4DC-B28DDA7AB25F}.Debug|ARM.Build.0 = Debug|Any CPU
		{B1800FB7-1284-4B90-A4DC-B28DDA7AB25F}.Debug|x86.ActiveCfg = Debug|Any CPU
		{B1800FB7-1284-4B90-A4DC-B28DDA7AB25F}.Debug|x86.Build.0 = Debug|Any CPU
		{B1800FB7-1284-4B90-A4DC-B28DDA7AB25F}.Release|Any CPU.ActiveCfg = Release|Any CPU
		{B1800FB7-1284-4B90-A4DC-B28DDA7AB25F}.Release|Any CPU.Build.0 = Release|Any CPU
		{B1800FB7-1284-4B90-A4DC-B28DDA7AB25F}.Release|ARM.ActiveCfg = Release|Any CPU
		{B1800FB7-1284-4B90-A4DC-B28DDA7AB25F}.Release|ARM.Build.0 = Release|Any CPU
		{B1800FB7-1284-4B90-A4DC-B28DDA7AB25F}.Release|x86.ActiveCfg = Release|Any CPU
		{B1800FB7-1284-4B90-A4DC-B28DDA7AB25F}.Release|x86.Build.0 = Release|Any CPU
		{A0FE7880-2768-4E04-9838-81D948E16719}.Debug|Any CPU.ActiveCfg = Debug|Any CPU
		{A0FE7880-2768-4E04-9838-81D948E16719}.Debug|Any CPU.Build.0 = Debug|Any CPU
		{A0FE7880-2768-4E04-9838-81D948E16719}.Debug|ARM.ActiveCfg = Debug|Any CPU
		{A0FE7880-2768-4E04-9838-81D948E16719}.Debug|ARM.Build.0 = Debug|Any CPU
		{A0FE7880-2768-4E04-9838-81D948E16719}.Debug|x86.ActiveCfg = Debug|Any CPU
		{A0FE7880-2768-4E04-9838-81D948E16719}.Debug|x86.Build.0 = Debug|Any CPU
		{A0FE7880-2768-4E04-9838-81D948E16719}.Release|Any CPU.ActiveCfg = Release|Any CPU
		{A0FE7880-2768-4E04-9838-81D948E16719}.Release|Any CPU.Build.0 = Release|Any CPU
		{A0FE7880-2768-4E04-9838-81D948E16719}.Release|ARM.ActiveCfg = Release|Any CPU
		{A0FE7880-2768-4E04-9838-81D948E16719}.Release|ARM.Build.0 = Release|Any CPU
		{A0FE7880-2768-4E04-9838-81D948E16719}.Release|x86.ActiveCfg = Release|Any CPU
		{A0FE7880-2768-4E04-9838-81D948E16719}.Release|x86.Build.0 = Release|Any CPU
		{BCAB4CB3-5309-4484-B0A1-EE4D97A09DF1}.Debug|Any CPU.ActiveCfg = Debug|Any CPU
		{BCAB4CB3-5309-4484-B0A1-EE4D97A09DF1}.Debug|Any CPU.Build.0 = Debug|Any CPU
		{BCAB4CB3-5309-4484-B0A1-EE4D97A09DF1}.Debug|Any CPU.Deploy.0 = Debug|Any CPU
		{BCAB4CB3-5309-4484-B0A1-EE4D97A09DF1}.Debug|ARM.ActiveCfg = Debug|ARM
		{BCAB4CB3-5309-4484-B0A1-EE4D97A09DF1}.Debug|ARM.Build.0 = Debug|ARM
		{BCAB4CB3-5309-4484-B0A1-EE4D97A09DF1}.Debug|ARM.Deploy.0 = Debug|ARM
		{BCAB4CB3-5309-4484-B0A1-EE4D97A09DF1}.Debug|x86.ActiveCfg = Debug|x86
		{BCAB4CB3-5309-4484-B0A1-EE4D97A09DF1}.Debug|x86.Build.0 = Debug|x86
		{BCAB4CB3-5309-4484-B0A1-EE4D97A09DF1}.Debug|x86.Deploy.0 = Debug|x86
		{BCAB4CB3-5309-4484-B0A1-EE4D97A09DF1}.Release|Any CPU.ActiveCfg = Release|Any CPU
		{BCAB4CB3-5309-4484-B0A1-EE4D97A09DF1}.Release|Any CPU.Build.0 = Release|Any CPU
		{BCAB4CB3-5309-4484-B0A1-EE4D97A09DF1}.Release|Any CPU.Deploy.0 = Release|Any CPU
		{BCAB4CB3-5309-4484-B0A1-EE4D97A09DF1}.Release|ARM.ActiveCfg = Release|ARM
		{BCAB4CB3-5309-4484-B0A1-EE4D97A09DF1}.Release|ARM.Build.0 = Release|ARM
		{BCAB4CB3-5309-4484-B0A1-EE4D97A09DF1}.Release|ARM.Deploy.0 = Release|ARM
		{BCAB4CB3-5309-4484-B0A1-EE4D97A09DF1}.Release|x86.ActiveCfg = Release|x86
		{BCAB4CB3-5309-4484-B0A1-EE4D97A09DF1}.Release|x86.Build.0 = Release|x86
		{BCAB4CB3-5309-4484-B0A1-EE4D97A09DF1}.Release|x86.Deploy.0 = Release|x86
		{124A9A02-DC9A-4211-8600-6769493BBB0E}.Debug|Any CPU.ActiveCfg = Debug|Any CPU
		{124A9A02-DC9A-4211-8600-6769493BBB0E}.Debug|Any CPU.Build.0 = Debug|Any CPU
		{124A9A02-DC9A-4211-8600-6769493BBB0E}.Debug|ARM.ActiveCfg = Debug|Any CPU
		{124A9A02-DC9A-4211-8600-6769493BBB0E}.Debug|ARM.Build.0 = Debug|Any CPU
		{124A9A02-DC9A-4211-8600-6769493BBB0E}.Debug|x86.ActiveCfg = Debug|Any CPU
		{124A9A02-DC9A-4211-8600-6769493BBB0E}.Debug|x86.Build.0 = Debug|Any CPU
		{124A9A02-DC9A-4211-8600-6769493BBB0E}.Release|Any CPU.ActiveCfg = Release|Any CPU
		{124A9A02-DC9A-4211-8600-6769493BBB0E}.Release|Any CPU.Build.0 = Release|Any CPU
		{124A9A02-DC9A-4211-8600-6769493BBB0E}.Release|ARM.ActiveCfg = Release|Any CPU
		{124A9A02-DC9A-4211-8600-6769493BBB0E}.Release|ARM.Build.0 = Release|Any CPU
		{124A9A02-DC9A-4211-8600-6769493BBB0E}.Release|x86.ActiveCfg = Release|Any CPU
		{124A9A02-DC9A-4211-8600-6769493BBB0E}.Release|x86.Build.0 = Release|Any CPU
	EndGlobalSection
	GlobalSection(SolutionProperties) = preSolution
		HideSolutionNode = FALSE
	EndGlobalSection
EndGlobal
